
Microsoft Visual Studio Solution File, Format Version 12.00
# Visual Studio Version 17
VisualStudioVersion = 17.11.35431.28
MinimumVisualStudioVersion = 10.0.40219.1
Project("{FAE04EC0-301F-11D3-BF4B-00C04F79EFBC}") = "pizza project", "pizza project.csproj", "{0F1D418F-5AAA-455C-B6B5-51BB55C1CD19}"
EndProject
Global
	GlobalSection(SolutionConfigurationPlatforms) = preSolution
		Debug|Any CPU = Debug|Any CPU
		Release|Any CPU = Release|Any CPU
	EndGlobalSection
	GlobalSection(ProjectConfigurationPlatforms) = postSolution
		{0F1D418F-5AAA-455C-B6B5-51BB55C1CD19}.Debug|Any CPU.ActiveCfg = Debug|Any CPU
		{0F1D418F-5AAA-455C-B6B5-51BB55C1CD19}.Debug|Any CPU.Build.0 = Debug|Any CPU
		{0F1D418F-5AAA-455C-B6B5-51BB55C1CD19}.Release|Any CPU.ActiveCfg = Release|Any CPU
		{0F1D418F-5AAA-455C-B6B5-51BB55C1CD19}.Release|Any CPU.Build.0 = Release|Any CPU
	EndGlobalSection
	GlobalSection(SolutionProperties) = preSolution
		HideSolutionNode = FALSE
	EndGlobalSection
	GlobalSection(ExtensibilityGlobals) = postSolution
		SolutionGuid = {CD2CEC6F-F911-4CCD-8EF1-56976CC6025B}
	EndGlobalSection
EndGlobal
